{
  "nodes": {
    "common": {
      "locked": {
        "dir": "flakes/common",
        "lastModified": 1773675538,
        "narHash": "sha256-0w6MfaN+haNY5hX+kbdRdw76l3nSRKOM3BAyMUo3ctE=",
        "ref": "refs/heads/master",
        "rev": "ba860571558a2dea3a4225920540cba66cdf7dee",
        "revCount": 1373,
        "type": "git",
        "url": "https://git.joshuabell.xyz/ringofstorms/dotfiles"
      },
      "original": {
        "dir": "flakes/common",
        "type": "git",
        "url": "https://git.joshuabell.xyz/ringofstorms/dotfiles"
      }
    },
    "home-manager": {
      "inputs": {
        "nixpkgs": "nixpkgs"
      },
      "locked": {
        "lastModified": 1773666808,
        "narHash": "sha256-1o8CNQhMqsfimOXQEaLhHGQEleZDivK/jEjgZHjYSSU=",
        "owner": "rycee",
        "repo": "home-manager",
        "rev": "4326ce5373187a611004c1d88ba5d7da7e0ed0c4",
        "type": "github"
      },
      "original": {
        "owner": "rycee",
        "ref": "release-25.11",
        "repo": "home-manager",
        "type": "github"
      }
    },
    "nixpkgs": {
      "locked": {
        "lastModified": 1773375660,
        "narHash": "sha256-SEzUWw2Rf5Ki3bcM26nSKgbeoqi2uYy8IHVBqOKjX3w=",
        "owner": "NixOS",
        "repo": "nixpkgs",
        "rev": "3e20095fe3c6cbb1ddcef89b26969a69a1570776",
        "type": "github"
      },
      "original": {
        "owner": "NixOS",
        "ref": "nixos-25.11",
        "repo": "nixpkgs",
        "type": "github"
      }
    },
    "nixpkgs_2": {
      "locked": {
        "lastModified": 1773610124,
        "narHash": "sha256-EpC7ELOKmb+xXaqpK5ZRpJ5g9fxxg6tWny7/rUBfrwk=",
        "owner": "nixos",
        "repo": "nixpkgs",
        "rev": "9fe1300f4360e13f39d6d1d006e54fd5093e9ad5",
        "type": "github"
      },
      "original": {
        "owner": "nixos",
        "ref": "nixos-25.11",
        "repo": "nixpkgs",
        "type": "github"
      }
    },
    "root": {
      "inputs": {
        "common": "common",
        "home-manager": "home-manager",
        "nixpkgs": "nixpkgs_2"
      }
    }
  },
  "root": "root",
  "version": 7
}
