{
  "nodes": {
    "nixpkgs": {
      "locked": {
        "lastModified": 1709884566,
        "narHash": "sha256-NSYJg2sfdO/XS3L8XN/59Zhzn0dqWm7XtVnKI2mHq3w=",
        "owner": "nixos",
        "repo": "nixpkgs",
        "rev": "2be119add7b37dc535da2dd4cba68e2cf8d1517e",
        "type": "github"
      },
      "original": {
        "owner": "nixos",
        "ref": "nixos-23.11-small",
        "repo": "nixpkgs",
        "type": "github"
      }
    },
    "nypkgs": {
      "inputs": {
        "nixpkgs": [
          "nixpkgs"
        ]
      },
      "locked": {
        "lastModified": 1710063049,
        "narHash": "sha256-cKiaLtaLKHspCnLSweW3YEEwo3XfvTEFTbopLRSVzbc=",
        "owner": "yunfachi",
        "repo": "nypkgs",
        "rev": "a003afbe194af34a443319619d5f9c074b1f16c7",
        "type": "github"
      },
      "original": {
        "owner": "yunfachi",
        "ref": "master",
        "repo": "nypkgs",
        "type": "github"
      }
    },
    "root": {
      "inputs": {
        "nixpkgs": "nixpkgs",
        "nypkgs": "nypkgs"
      }
    }
  },
  "root": "root",
  "version": 7
}
