{
  "nodes": {
    "beszel": {
      "inputs": {
        "beszel-nixpkgs": "beszel-nixpkgs"
      },
      "locked": {
        "dir": "flakes/beszel",
        "lastModified": 1782345539,
        "narHash": "sha256-x2fLNdffIeINnruR5b6fK02ChP64kfUqr7thO4fFy9M=",
        "ref": "refs/heads/master",
        "rev": "5cc9b5c6e29c8783eef7ec9e2cef378312515ba5",
        "revCount": 1801,
        "type": "git",
        "url": "https://git.joshuabell.xyz/ringofstorms/dotfiles"
      },
      "original": {
        "dir": "flakes/beszel",
        "type": "git",
        "url": "https://git.joshuabell.xyz/ringofstorms/dotfiles"
      }
    },
    "beszel-nixpkgs": {
      "locked": {
        "lastModified": 1779560665,
        "narHash": "sha256-tpyBcxPpcQb8ukyNF7DoCwfSY3VPsxHoYwj00Cayv5o=",
        "owner": "nixos",
        "repo": "nixpkgs",
        "rev": "64c08a7ca051951c8eae34e3e3cb1e202fe36786",
        "type": "github"
      },
      "original": {
        "owner": "nixos",
        "ref": "nixos-unstable",
        "repo": "nixpkgs",
        "type": "github"
      }
    },
    "common": {
      "locked": {
        "dir": "flakes/common",
        "lastModified": 1782345539,
        "narHash": "sha256-x2fLNdffIeINnruR5b6fK02ChP64kfUqr7thO4fFy9M=",
        "ref": "refs/heads/master",
        "rev": "5cc9b5c6e29c8783eef7ec9e2cef378312515ba5",
        "revCount": 1801,
        "type": "git",
        "url": "https://git.joshuabell.xyz/ringofstorms/dotfiles"
      },
      "original": {
        "dir": "flakes/common",
        "type": "git",
        "url": "https://git.joshuabell.xyz/ringofstorms/dotfiles"
      }
    },
    "disko": {
      "inputs": {
        "nixpkgs": [
          "nixpkgs"
        ]
      },
      "locked": {
        "lastModified": 1768920986,
        "narHash": "sha256-CNzzBsRhq7gg4BMBuTDObiWDH/rFYHEuDRVOwCcwXw4=",
        "owner": "nix-community",
        "repo": "disko",
        "rev": "de5708739256238fb912c62f03988815db89ec9a",
        "type": "github"
      },
      "original": {
        "owner": "nix-community",
        "ref": "latest",
        "repo": "disko",
        "type": "github"
      }
    },
    "disko_2": {
      "inputs": {
        "nixpkgs": "nixpkgs_2"
      },
      "locked": {
        "lastModified": 1768920986,
        "narHash": "sha256-CNzzBsRhq7gg4BMBuTDObiWDH/rFYHEuDRVOwCcwXw4=",
        "owner": "nix-community",
        "repo": "disko",
        "rev": "de5708739256238fb912c62f03988815db89ec9a",
        "type": "github"
      },
      "original": {
        "owner": "nix-community",
        "ref": "latest",
        "repo": "disko",
        "type": "github"
      }
    },
    "home-manager": {
      "inputs": {
        "nixpkgs": "nixpkgs"
      },
      "locked": {
        "lastModified": 1781981105,
        "narHash": "sha256-/1nNBbA7PrSQpTc9Qazkhl4kIPg+TNl0CjxS3UQJKlw=",
        "owner": "rycee",
        "repo": "home-manager",
        "rev": "7bfff44b465909f69a442701293bc0badcf476dc",
        "type": "github"
      },
      "original": {
        "owner": "rycee",
        "ref": "release-26.05",
        "repo": "home-manager",
        "type": "github"
      }
    },
    "home-manager_2": {
      "inputs": {
        "nixpkgs": [
          "impermanence",
          "impermanence",
          "nixpkgs"
        ]
      },
      "locked": {
        "lastModified": 1768598210,
        "narHash": "sha256-kkgA32s/f4jaa4UG+2f8C225Qvclxnqs76mf8zvTVPg=",
        "owner": "nix-community",
        "repo": "home-manager",
        "rev": "c47b2cc64a629f8e075de52e4742de688f930dc6",
        "type": "github"
      },
      "original": {
        "owner": "nix-community",
        "repo": "home-manager",
        "type": "github"
      }
    },
    "impermanence": {
      "inputs": {
        "disko": "disko_2",
        "impermanence": "impermanence_2"
      },
      "locked": {
        "dir": "flakes/impermanence",
        "lastModified": 1782345539,
        "narHash": "sha256-x2fLNdffIeINnruR5b6fK02ChP64kfUqr7thO4fFy9M=",
        "ref": "refs/heads/master",
        "rev": "5cc9b5c6e29c8783eef7ec9e2cef378312515ba5",
        "revCount": 1801,
        "type": "git",
        "url": "https://git.joshuabell.xyz/ringofstorms/dotfiles"
      },
      "original": {
        "dir": "flakes/impermanence",
        "type": "git",
        "url": "https://git.joshuabell.xyz/ringofstorms/dotfiles"
      }
    },
    "impermanence_2": {
      "inputs": {
        "home-manager": "home-manager_2",
        "nixpkgs": "nixpkgs_3"
      },
      "locked": {
        "lastModified": 1769548169,
        "narHash": "sha256-03+JxvzmfwRu+5JafM0DLbxgHttOQZkUtDWBmeUkN8Y=",
        "owner": "nix-community",
        "repo": "impermanence",
        "rev": "7b1d382faf603b6d264f58627330f9faa5cba149",
        "type": "github"
      },
      "original": {
        "owner": "nix-community",
        "repo": "impermanence",
        "type": "github"
      }
    },
    "nixpkgs": {
      "locked": {
        "lastModified": 1781216227,
        "narHash": "sha256-9mUW6gNwoN2SWc/l0fW4svPNOulXLl8ijqKyeSOGgJE=",
        "owner": "NixOS",
        "repo": "nixpkgs",
        "rev": "a0374025a863d007d98e3297f6aa46cc3141c2f0",
        "type": "github"
      },
      "original": {
        "owner": "NixOS",
        "ref": "nixos-26.05",
        "repo": "nixpkgs",
        "type": "github"
      }
    },
    "nixpkgs_2": {
      "locked": {
        "lastModified": 1768661221,
        "narHash": "sha256-MJwOjrIISfOpdI9x4C+5WFQXvHtOuj5mqLZ4TMEtk1M=",
        "owner": "NixOS",
        "repo": "nixpkgs",
        "rev": "3327b113f2ef698d380df83fbccefad7e83d7769",
        "type": "github"
      },
      "original": {
        "owner": "NixOS",
        "ref": "nixpkgs-unstable",
        "repo": "nixpkgs",
        "type": "github"
      }
    },
    "nixpkgs_3": {
      "locked": {
        "lastModified": 1768564909,
        "narHash": "sha256-Kell/SpJYVkHWMvnhqJz/8DqQg2b6PguxVWOuadbHCc=",
        "owner": "nixos",
        "repo": "nixpkgs",
        "rev": "e4bae1bd10c9c57b2cf517953ab70060a828ee6f",
        "type": "github"
      },
      "original": {
        "owner": "nixos",
        "ref": "nixos-unstable",
        "repo": "nixpkgs",
        "type": "github"
      }
    },
    "nixpkgs_4": {
      "locked": {
        "lastModified": 1782116945,
        "narHash": "sha256-G3tw/IXmaH6IQ2upZvhuN9sG8CkuX+BLuJDpE8hz0Ds=",
        "owner": "nixos",
        "repo": "nixpkgs",
        "rev": "34268251cf5547d39063f2c5ea9a196246f7f3a6",
        "type": "github"
      },
      "original": {
        "owner": "nixos",
        "ref": "nixos-26.05",
        "repo": "nixpkgs",
        "type": "github"
      }
    },
    "root": {
      "inputs": {
        "beszel": "beszel",
        "common": "common",
        "disko": "disko",
        "home-manager": "home-manager",
        "impermanence": "impermanence",
        "nixpkgs": "nixpkgs_4",
        "secrets-bao": "secrets-bao"
      }
    },
    "secrets-bao": {
      "locked": {
        "dir": "flakes/secrets-bao",
        "lastModified": 1782345539,
        "narHash": "sha256-x2fLNdffIeINnruR5b6fK02ChP64kfUqr7thO4fFy9M=",
        "ref": "refs/heads/master",
        "rev": "5cc9b5c6e29c8783eef7ec9e2cef378312515ba5",
        "revCount": 1801,
        "type": "git",
        "url": "https://git.joshuabell.xyz/ringofstorms/dotfiles"
      },
      "original": {
        "dir": "flakes/secrets-bao",
        "type": "git",
        "url": "https://git.joshuabell.xyz/ringofstorms/dotfiles"
      }
    }
  },
  "root": "root",
  "version": 7
}
