{
  "nodes": {
    "agenix": {
      "inputs": {
        "darwin": "darwin",
        "home-manager": "home-manager_2",
        "nixpkgs": [
          "mods_common",
          "ragenix",
          "nixpkgs"
        ],
        "systems": "systems"
      },
      "locked": {
        "lastModified": 1723293904,
        "narHash": "sha256-b+uqzj+Wa6xgMS9aNbX4I+sXeb5biPDi39VgvSFqFvU=",
        "owner": "ryantm",
        "repo": "agenix",
        "rev": "f6291c5935fdc4e0bef208cfc0dcab7e3f7a1c41",
        "type": "github"
      },
      "original": {
        "owner": "ryantm",
        "repo": "agenix",
        "type": "github"
      }
    },
    "cosmic": {
      "inputs": {
        "flake-compat": "flake-compat",
        "nixpkgs": [
          "mods_de_cosmic",
          "nixpkgs"
        ],
        "nixpkgs-stable": [
          "mods_de_cosmic",
          "nixpkgs-stable"
        ],
        "rust-overlay": "rust-overlay_2"
      },
      "locked": {
        "lastModified": 1735263434,
        "narHash": "sha256-5Bn1c2sWzedpGV+PNfXtoainQ3uUKkx/v7T3N6lKKms=",
        "owner": "lilyinstarlight",
        "repo": "nixos-cosmic",
        "rev": "e5fdfe023742172ec0e7af0ca6d88362228d14b7",
        "type": "github"
      },
      "original": {
        "owner": "lilyinstarlight",
        "repo": "nixos-cosmic",
        "type": "github"
      }
    },
    "crane": {
      "locked": {
        "lastModified": 1725409566,
        "narHash": "sha256-PrtLmqhM6UtJP7v7IGyzjBFhbG4eOAHT6LPYOFmYfbk=",
        "owner": "ipetkov",
        "repo": "crane",
        "rev": "7e4586bad4e3f8f97a9271def747cf58c4b68f3c",
        "type": "github"
      },
      "original": {
        "owner": "ipetkov",
        "repo": "crane",
        "type": "github"
      }
    },
    "darwin": {
      "inputs": {
        "nixpkgs": [
          "mods_common",
          "ragenix",
          "agenix",
          "nixpkgs"
        ]
      },
      "locked": {
        "lastModified": 1700795494,
        "narHash": "sha256-gzGLZSiOhf155FW7262kdHo2YDeugp3VuIFb4/GGng0=",
        "owner": "lnl7",
        "repo": "nix-darwin",
        "rev": "4b9b83d5a92e8c1fbfd8eb27eda375908c11ec4d",
        "type": "github"
      },
      "original": {
        "owner": "lnl7",
        "ref": "master",
        "repo": "nix-darwin",
        "type": "github"
      }
    },
    "flake-compat": {
      "flake": false,
      "locked": {
        "lastModified": 1717312683,
        "narHash": "sha256-FrlieJH50AuvagamEvWMIE6D2OAnERuDboFDYAED/dE=",
        "owner": "nix-community",
        "repo": "flake-compat",
        "rev": "38fd3954cf65ce6faf3d0d45cd26059e059f07ea",
        "type": "github"
      },
      "original": {
        "owner": "nix-community",
        "repo": "flake-compat",
        "type": "github"
      }
    },
    "flake-utils": {
      "inputs": {
        "systems": "systems_2"
      },
      "locked": {
        "lastModified": 1710146030,
        "narHash": "sha256-SZ5L6eA7HJ/nmkzGG7/ISclqe6oZdOZTNoesiInkXPQ=",
        "owner": "numtide",
        "repo": "flake-utils",
        "rev": "b1d9ab70662946ef0850d488da1c9019f3a9752a",
        "type": "github"
      },
      "original": {
        "owner": "numtide",
        "repo": "flake-utils",
        "type": "github"
      }
    },
    "home-manager": {
      "inputs": {
        "nixpkgs": [
          "nixpkgs"
        ]
      },
      "locked": {
        "lastModified": 1734366194,
        "narHash": "sha256-vykpJ1xsdkv0j8WOVXrRFHUAdp9NXHpxdnn1F4pYgSw=",
        "owner": "nix-community",
        "repo": "home-manager",
        "rev": "80b0fdf483c5d1cb75aaad909bd390d48673857f",
        "type": "github"
      },
      "original": {
        "owner": "nix-community",
        "ref": "release-24.11",
        "repo": "home-manager",
        "type": "github"
      }
    },
    "home-manager_2": {
      "inputs": {
        "nixpkgs": [
          "mods_common",
          "ragenix",
          "agenix",
          "nixpkgs"
        ]
      },
      "locked": {
        "lastModified": 1703113217,
        "narHash": "sha256-7ulcXOk63TIT2lVDSExj7XzFx09LpdSAPtvgtM7yQPE=",
        "owner": "nix-community",
        "repo": "home-manager",
        "rev": "3bfaacf46133c037bb356193bd2f1765d9dc82c1",
        "type": "github"
      },
      "original": {
        "owner": "nix-community",
        "repo": "home-manager",
        "type": "github"
      }
    },
    "mods_boot_systemd": {
      "locked": {
        "lastModified": 1,
        "narHash": "sha256-9Z/Z8Y4Q1q95zUeJWfUQFyeaAVkhb804kd3tiBpHfpI=",
        "path": "/nix/store/ka4sn5h3pw93s1j7blv48vn30jfxiw19-source/modules/boot_systemd",
        "type": "path"
      },
      "original": {
        "path": "/nix/store/ka4sn5h3pw93s1j7blv48vn30jfxiw19-source/modules/boot_systemd",
        "type": "path"
      }
    },
    "mods_common": {
      "inputs": {
        "nixpkgs": [
          "nixpkgs"
        ],
        "ragenix": "ragenix"
      },
      "locked": {
        "lastModified": 1,
        "narHash": "sha256-Hgc2b0w7x9oi15wHy45ZAZ3w6UEESORoDNZX2tVyYmc=",
        "path": "/nix/store/ka4sn5h3pw93s1j7blv48vn30jfxiw19-source/modules/common",
        "type": "path"
      },
      "original": {
        "path": "/nix/store/ka4sn5h3pw93s1j7blv48vn30jfxiw19-source/modules/common",
        "type": "path"
      }
    },
    "mods_de_cosmic": {
      "inputs": {
        "cosmic": "cosmic",
        "nixpkgs": [
          "nixpkgs"
        ],
        "nixpkgs-stable": [
          "nixpkgs"
        ]
      },
      "locked": {
        "lastModified": 1,
        "narHash": "sha256-R80oVWKVWJJBUCYgMiyTtP1X25zf7zo4C0Ziwrrt7aA=",
        "path": "/nix/store/ka4sn5h3pw93s1j7blv48vn30jfxiw19-source/modules/de_cosmic",
        "type": "path"
      },
      "original": {
        "path": "/nix/store/ka4sn5h3pw93s1j7blv48vn30jfxiw19-source/modules/de_cosmic",
        "type": "path"
      }
    },
    "nixpkgs": {
      "locked": {
        "lastModified": 1734875076,
        "narHash": "sha256-Pzyb+YNG5u3zP79zoi8HXYMs15Q5dfjDgwCdUI5B0nY=",
        "owner": "nixos",
        "repo": "nixpkgs",
        "rev": "1807c2b91223227ad5599d7067a61665c52d1295",
        "type": "github"
      },
      "original": {
        "owner": "nixos",
        "ref": "nixos-24.11",
        "repo": "nixpkgs",
        "type": "github"
      }
    },
    "ragenix": {
      "inputs": {
        "agenix": "agenix",
        "crane": "crane",
        "flake-utils": "flake-utils",
        "nixpkgs": [
          "mods_common",
          "nixpkgs"
        ],
        "rust-overlay": "rust-overlay"
      },
      "locked": {
        "lastModified": 1726755133,
        "narHash": "sha256-03XIEjHeZEjHXctsXYUB+ZLQmM0WuhR6qWQjwekFk/M=",
        "owner": "yaxitech",
        "repo": "ragenix",
        "rev": "687ee92114bce9c4724376cf6b21235abe880bfa",
        "type": "github"
      },
      "original": {
        "owner": "yaxitech",
        "repo": "ragenix",
        "type": "github"
      }
    },
    "root": {
      "inputs": {
        "home-manager": "home-manager",
        "mods_boot_systemd": "mods_boot_systemd",
        "mods_common": "mods_common",
        "mods_de_cosmic": "mods_de_cosmic",
        "nixpkgs": "nixpkgs"
      }
    },
    "rust-overlay": {
      "inputs": {
        "nixpkgs": [
          "mods_common",
          "ragenix",
          "nixpkgs"
        ]
      },
      "locked": {
        "lastModified": 1725675754,
        "narHash": "sha256-hXW3csqePOcF2e/PYnpXj72KEYyNj2HzTrVNmS/F7Ug=",
        "owner": "oxalica",
        "repo": "rust-overlay",
        "rev": "8cc45e678e914a16c8e224c3237fb07cf21e5e54",
        "type": "github"
      },
      "original": {
        "owner": "oxalica",
        "repo": "rust-overlay",
        "type": "github"
      }
    },
    "rust-overlay_2": {
      "inputs": {
        "nixpkgs": [
          "mods_de_cosmic",
          "cosmic",
          "nixpkgs"
        ]
      },
      "locked": {
        "lastModified": 1735180071,
        "narHash": "sha256-ceUDFBsLf5Cz3GlhQAdaJsEfi5s1MDjDsO9VvPFoKAE=",
        "owner": "oxalica",
        "repo": "rust-overlay",
        "rev": "550e1f10be4a504747a7894c35e887e61235763b",
        "type": "github"
      },
      "original": {
        "owner": "oxalica",
        "repo": "rust-overlay",
        "type": "github"
      }
    },
    "systems": {
      "locked": {
        "lastModified": 1681028828,
        "narHash": "sha256-Vy1rq5AaRuLzOxct8nz4T6wlgyUR7zLU309k9mBC768=",
        "owner": "nix-systems",
        "repo": "default",
        "rev": "da67096a3b9bf56a91d16901293e51ba5b49a27e",
        "type": "github"
      },
      "original": {
        "owner": "nix-systems",
        "repo": "default",
        "type": "github"
      }
    },
    "systems_2": {
      "locked": {
        "lastModified": 1681028828,
        "narHash": "sha256-Vy1rq5AaRuLzOxct8nz4T6wlgyUR7zLU309k9mBC768=",
        "owner": "nix-systems",
        "repo": "default",
        "rev": "da67096a3b9bf56a91d16901293e51ba5b49a27e",
        "type": "github"
      },
      "original": {
        "owner": "nix-systems",
        "repo": "default",
        "type": "github"
      }
    }
  },
  "root": "root",
  "version": 7
}
