{
  "nodes": {
    "nixpkgs": {
      "locked": {
        "lastModified": 1767026758,
        "narHash": "sha256-7fsac/f7nh/VaKJ/qm3I338+wAJa/3J57cOGpXi0Sbg=",
        "owner": "NixOS",
        "repo": "nixpkgs",
        "rev": "346dd96ad74dc4457a9db9de4f4f57dab2e5731d",
        "type": "github"
      },
      "original": {
        "owner": "NixOS",
        "ref": "nixpkgs-unstable",
        "repo": "nixpkgs",
        "type": "github"
      }
    },
    "opencode": {
      "inputs": {
        "nixpkgs": "nixpkgs"
      },
      "locked": {
        "lastModified": 1767126722,
        "narHash": "sha256-bXBpPQ9altAzsuFKhIS83LKwuLIxKJ4gWMAG5xzk+fM=",
        "owner": "sst",
        "repo": "opencode",
        "rev": "3fe5d91372fdf859e09ed5a2aefe359e0648ed10",
        "type": "github"
      },
      "original": {
        "owner": "sst",
        "repo": "opencode",
        "type": "github"
      }
    },
    "root": {
      "inputs": {
        "opencode": "opencode"
      }
    }
  },
  "root": "root",
  "version": 7
}
