{
  "nodes": {
    "nixpkgs": {
      "locked": {
        "lastModified": 1766870016,
        "narHash": "sha256-fHmxAesa6XNqnIkcS6+nIHuEmgd/iZSP/VXxweiEuQw=",
        "owner": "NixOS",
        "repo": "nixpkgs",
        "rev": "5c2bc52fb9f8c264ed6c93bd20afa2ff5e763dce",
        "type": "github"
      },
      "original": {
        "owner": "NixOS",
        "ref": "nixpkgs-unstable",
        "repo": "nixpkgs",
        "type": "github"
      }
    },
    "opencode": {
      "inputs": {
        "nixpkgs": "nixpkgs"
      },
      "locked": {
        "lastModified": 1767028968,
        "narHash": "sha256-Z6Jk9Ee3+KHaQf7V/zbHHgotZ0gQA5Mtqpzs8PAQmBY=",
        "owner": "sst",
        "repo": "opencode",
        "rev": "b7ce46f7a12e68283d6588c33aaf972426ddd65e",
        "type": "github"
      },
      "original": {
        "owner": "sst",
        "repo": "opencode",
        "type": "github"
      }
    },
    "root": {
      "inputs": {
        "opencode": "opencode"
      }
    }
  },
  "root": "root",
  "version": 7
}
